
Microsoft Visual Studio Solution File, Format Version 12.00
# Visual Studio Version 16
VisualStudioVersion = 16.0.29418.71
MinimumVisualStudioVersion = 10.0.40219.1
Project("{FAE04EC0-301F-11D3-BF4B-00C04F79EFBC}") = "Masivian.api.ruleta", "Masivian.api.ruleta.csproj", "{9ADD9E07-DA52-4891-863C-675AE5092CDA}"
EndProject
Global
	GlobalSection(SolutionConfigurationPlatforms) = preSolution
		Debug|Any CPU = Debug|Any CPU
		Release|Any CPU = Release|Any CPU
	EndGlobalSection
	GlobalSection(ProjectConfigurationPlatforms) = postSolution
		{9ADD9E07-DA52-4891-863C-675AE5092CDA}.Debug|Any CPU.ActiveCfg = Debug|Any CPU
		{9ADD9E07-DA52-4891-863C-675AE5092CDA}.Debug|Any CPU.Build.0 = Debug|Any CPU
		{9ADD9E07-DA52-4891-863C-675AE5092CDA}.Release|Any CPU.ActiveCfg = Release|Any CPU
		{9ADD9E07-DA52-4891-863C-675AE5092CDA}.Release|Any CPU.Build.0 = Release|Any CPU
	EndGlobalSection
	GlobalSection(SolutionProperties) = preSolution
		HideSolutionNode = FALSE
	EndGlobalSection
	GlobalSection(ExtensibilityGlobals) = postSolution
		SolutionGuid = {0390E838-08C5-49A0-AEB9-520128CCE9C9}
	EndGlobalSection
EndGlobal
